
Microsoft Visual Studio Solution File, Format Version 12.00
# Visual Studio Version 17
VisualStudioVersion = 17.0.31912.275
MinimumVisualStudioVersion = 10.0.40219.1
Project("{FAE04EC0-301F-11D3-BF4B-00C04F79EFBC}") = "Q2-Test1_Gracia", "Q2-Test1_Gracia\Q2-Test1_Gracia.csproj", "{78EAAB7D-300A-402A-8465-DA3E1B4AB3FE}"
EndProject
Global
	GlobalSection(SolutionConfigurationPlatforms) = preSolution
		Debug|Any CPU = Debug|Any CPU
		Release|Any CPU = Release|Any CPU
	EndGlobalSection
	GlobalSection(ProjectConfigurationPlatforms) = postSolution
		{78EAAB7D-300A-402A-8465-DA3E1B4AB3FE}.Debug|Any CPU.ActiveCfg = Debug|Any CPU
		{78EAAB7D-300A-402A-8465-DA3E1B4AB3FE}.Debug|Any CPU.Build.0 = Debug|Any CPU
		{78EAAB7D-300A-402A-8465-DA3E1B4AB3FE}.Release|Any CPU.ActiveCfg = Release|Any CPU
		{78EAAB7D-300A-402A-8465-DA3E1B4AB3FE}.Release|Any CPU.Build.0 = Release|Any CPU
	EndGlobalSection
	GlobalSection(SolutionProperties) = preSolution
		HideSolutionNode = FALSE
	EndGlobalSection
	GlobalSection(ExtensibilityGlobals) = postSolution
		SolutionGuid = {B243B11F-54AA-4E07-8C99-910CE11ABA62}
	EndGlobalSection
EndGlobal
