
Microsoft Visual Studio Solution File, Format Version 12.00
# Visual Studio Version 17
VisualStudioVersion = 17.0.31912.275
MinimumVisualStudioVersion = 10.0.40219.1
Project("{FAE04EC0-301F-11D3-BF4B-00C04F79EFBC}") = "Q3-GG", "Q3-GG\Q3-GG.csproj", "{1BC9BFF1-872C-4F8B-B70E-92039F8734F8}"
EndProject
Global
	GlobalSection(SolutionConfigurationPlatforms) = preSolution
		Debug|Any CPU = Debug|Any CPU
		Release|Any CPU = Release|Any CPU
	EndGlobalSection
	GlobalSection(ProjectConfigurationPlatforms) = postSolution
		{1BC9BFF1-872C-4F8B-B70E-92039F8734F8}.Debug|Any CPU.ActiveCfg = Debug|Any CPU
		{1BC9BFF1-872C-4F8B-B70E-92039F8734F8}.Debug|Any CPU.Build.0 = Debug|Any CPU
		{1BC9BFF1-872C-4F8B-B70E-92039F8734F8}.Release|Any CPU.ActiveCfg = Release|Any CPU
		{1BC9BFF1-872C-4F8B-B70E-92039F8734F8}.Release|Any CPU.Build.0 = Release|Any CPU
	EndGlobalSection
	GlobalSection(SolutionProperties) = preSolution
		HideSolutionNode = FALSE
	EndGlobalSection
	GlobalSection(ExtensibilityGlobals) = postSolution
		SolutionGuid = {0D26ADC5-83FF-4F2E-8A4D-618F22B31934}
	EndGlobalSection
EndGlobal
