
Microsoft Visual Studio Solution File, Format Version 12.00
# Visual Studio Version 17
VisualStudioVersion = 17.0.31912.275
MinimumVisualStudioVersion = 10.0.40219.1
Project("{FAE04EC0-301F-11D3-BF4B-00C04F79EFBC}") = "Q12-GG", "Q12-GG\Q12-GG.csproj", "{7D9F134A-009F-4755-A3F0-FC3C474CECDD}"
EndProject
Global
	GlobalSection(SolutionConfigurationPlatforms) = preSolution
		Debug|Any CPU = Debug|Any CPU
		Release|Any CPU = Release|Any CPU
	EndGlobalSection
	GlobalSection(ProjectConfigurationPlatforms) = postSolution
		{7D9F134A-009F-4755-A3F0-FC3C474CECDD}.Debug|Any CPU.ActiveCfg = Debug|Any CPU
		{7D9F134A-009F-4755-A3F0-FC3C474CECDD}.Debug|Any CPU.Build.0 = Debug|Any CPU
		{7D9F134A-009F-4755-A3F0-FC3C474CECDD}.Release|Any CPU.ActiveCfg = Release|Any CPU
		{7D9F134A-009F-4755-A3F0-FC3C474CECDD}.Release|Any CPU.Build.0 = Release|Any CPU
	EndGlobalSection
	GlobalSection(SolutionProperties) = preSolution
		HideSolutionNode = FALSE
	EndGlobalSection
	GlobalSection(ExtensibilityGlobals) = postSolution
		SolutionGuid = {5EDF9B15-87BB-4DE5-A447-7AC33D397644}
	EndGlobalSection
EndGlobal
