
Microsoft Visual Studio Solution File, Format Version 12.00
# Visual Studio Version 17
VisualStudioVersion = 17.0.31912.275
MinimumVisualStudioVersion = 10.0.40219.1
Project("{FAE04EC0-301F-11D3-BF4B-00C04F79EFBC}") = "PE4_Q_oneTwo_Gracia", "PE4_Q_oneTwo_Gracia\PE4_Q_oneTwo_Gracia.csproj", "{46B986DF-3F39-456D-9183-581317B11DDC}"
EndProject
Global
	GlobalSection(SolutionConfigurationPlatforms) = preSolution
		Debug|Any CPU = Debug|Any CPU
		Release|Any CPU = Release|Any CPU
	EndGlobalSection
	GlobalSection(ProjectConfigurationPlatforms) = postSolution
		{46B986DF-3F39-456D-9183-581317B11DDC}.Debug|Any CPU.ActiveCfg = Debug|Any CPU
		{46B986DF-3F39-456D-9183-581317B11DDC}.Debug|Any CPU.Build.0 = Debug|Any CPU
		{46B986DF-3F39-456D-9183-581317B11DDC}.Release|Any CPU.ActiveCfg = Release|Any CPU
		{46B986DF-3F39-456D-9183-581317B11DDC}.Release|Any CPU.Build.0 = Release|Any CPU
	EndGlobalSection
	GlobalSection(SolutionProperties) = preSolution
		HideSolutionNode = FALSE
	EndGlobalSection
	GlobalSection(ExtensibilityGlobals) = postSolution
		SolutionGuid = {5E3AA70B-AA0A-4E41-8A74-0DDAEBD4EA2F}
	EndGlobalSection
EndGlobal
