
Microsoft Visual Studio Solution File, Format Version 12.00
# Visual Studio Version 17
VisualStudioVersion = 17.0.31912.275
MinimumVisualStudioVersion = 10.0.40219.1
Project("{FAE04EC0-301F-11D3-BF4B-00C04F79EFBC}") = "HW15_Gracia", "HW15_Gracia\HW15_Gracia.csproj", "{FA9DB41D-6F19-488F-9A0D-84FFEAA343D5}"
EndProject
Global
	GlobalSection(SolutionConfigurationPlatforms) = preSolution
		Debug|Any CPU = Debug|Any CPU
		Release|Any CPU = Release|Any CPU
	EndGlobalSection
	GlobalSection(ProjectConfigurationPlatforms) = postSolution
		{FA9DB41D-6F19-488F-9A0D-84FFEAA343D5}.Debug|Any CPU.ActiveCfg = Debug|Any CPU
		{FA9DB41D-6F19-488F-9A0D-84FFEAA343D5}.Debug|Any CPU.Build.0 = Debug|Any CPU
		{FA9DB41D-6F19-488F-9A0D-84FFEAA343D5}.Release|Any CPU.ActiveCfg = Release|Any CPU
		{FA9DB41D-6F19-488F-9A0D-84FFEAA343D5}.Release|Any CPU.Build.0 = Release|Any CPU
	EndGlobalSection
	GlobalSection(SolutionProperties) = preSolution
		HideSolutionNode = FALSE
	EndGlobalSection
	GlobalSection(ExtensibilityGlobals) = postSolution
		SolutionGuid = {F359FA7E-C0C9-4523-AC04-E0788709D4DE}
	EndGlobalSection
EndGlobal
