
Microsoft Visual Studio Solution File, Format Version 12.00
# Visual Studio Version 17
VisualStudioVersion = 17.8.34330.188
MinimumVisualStudioVersion = 10.0.40219.1
Project("{FAE04EC0-301F-11D3-BF4B-00C04F79EFBC}") = "Q6_Gracia", "Q6_Gracia\Q6_Gracia.csproj", "{7121E771-5636-4DA7-ADEF-0B15A2DC2980}"
EndProject
Global
	GlobalSection(SolutionConfigurationPlatforms) = preSolution
		Debug|Any CPU = Debug|Any CPU
		Release|Any CPU = Release|Any CPU
	EndGlobalSection
	GlobalSection(ProjectConfigurationPlatforms) = postSolution
		{7121E771-5636-4DA7-ADEF-0B15A2DC2980}.Debug|Any CPU.ActiveCfg = Debug|Any CPU
		{7121E771-5636-4DA7-ADEF-0B15A2DC2980}.Debug|Any CPU.Build.0 = Debug|Any CPU
		{7121E771-5636-4DA7-ADEF-0B15A2DC2980}.Release|Any CPU.ActiveCfg = Release|Any CPU
		{7121E771-5636-4DA7-ADEF-0B15A2DC2980}.Release|Any CPU.Build.0 = Release|Any CPU
	EndGlobalSection
	GlobalSection(SolutionProperties) = preSolution
		HideSolutionNode = FALSE
	EndGlobalSection
	GlobalSection(ExtensibilityGlobals) = postSolution
		SolutionGuid = {8430027E-482A-49B9-9C43-68FC8A3E229D}
	EndGlobalSection
EndGlobal
