
Microsoft Visual Studio Solution File, Format Version 12.00
# Visual Studio Version 17
VisualStudioVersion = 17.0.31912.275
MinimumVisualStudioVersion = 10.0.40219.1
Project("{FAE04EC0-301F-11D3-BF4B-00C04F79EFBC}") = "Q1-Test1_Gracia", "Q1-Test1_Gracia\Q1-Test1_Gracia.csproj", "{BD226D48-1051-4A03-905C-5780BC649825}"
EndProject
Global
	GlobalSection(SolutionConfigurationPlatforms) = preSolution
		Debug|Any CPU = Debug|Any CPU
		Release|Any CPU = Release|Any CPU
	EndGlobalSection
	GlobalSection(ProjectConfigurationPlatforms) = postSolution
		{BD226D48-1051-4A03-905C-5780BC649825}.Debug|Any CPU.ActiveCfg = Debug|Any CPU
		{BD226D48-1051-4A03-905C-5780BC649825}.Debug|Any CPU.Build.0 = Debug|Any CPU
		{BD226D48-1051-4A03-905C-5780BC649825}.Release|Any CPU.ActiveCfg = Release|Any CPU
		{BD226D48-1051-4A03-905C-5780BC649825}.Release|Any CPU.Build.0 = Release|Any CPU
	EndGlobalSection
	GlobalSection(SolutionProperties) = preSolution
		HideSolutionNode = FALSE
	EndGlobalSection
	GlobalSection(ExtensibilityGlobals) = postSolution
		SolutionGuid = {E0BB3419-0D5C-4983-ADAC-53E25A4E8F1B}
	EndGlobalSection
EndGlobal
