
Microsoft Visual Studio Solution File, Format Version 12.00
# Visual Studio Version 17
VisualStudioVersion = 17.0.31912.275
MinimumVisualStudioVersion = 10.0.40219.1
Project("{FAE04EC0-301F-11D3-BF4B-00C04F79EFBC}") = "Gracia_PE2", "Gracia_PE2\Gracia_PE2.csproj", "{A2375896-9B08-4583-A9C0-8390E9B0ACFA}"
EndProject
Global
	GlobalSection(SolutionConfigurationPlatforms) = preSolution
		Debug|Any CPU = Debug|Any CPU
		Release|Any CPU = Release|Any CPU
	EndGlobalSection
	GlobalSection(ProjectConfigurationPlatforms) = postSolution
		{A2375896-9B08-4583-A9C0-8390E9B0ACFA}.Debug|Any CPU.ActiveCfg = Debug|Any CPU
		{A2375896-9B08-4583-A9C0-8390E9B0ACFA}.Debug|Any CPU.Build.0 = Debug|Any CPU
		{A2375896-9B08-4583-A9C0-8390E9B0ACFA}.Release|Any CPU.ActiveCfg = Release|Any CPU
		{A2375896-9B08-4583-A9C0-8390E9B0ACFA}.Release|Any CPU.Build.0 = Release|Any CPU
	EndGlobalSection
	GlobalSection(SolutionProperties) = preSolution
		HideSolutionNode = FALSE
	EndGlobalSection
	GlobalSection(ExtensibilityGlobals) = postSolution
		SolutionGuid = {4A6313C8-594E-4A70-9F0B-7C99E8A2CA37}
	EndGlobalSection
EndGlobal
