
Microsoft Visual Studio Solution File, Format Version 12.00
# Visual Studio Version 17
VisualStudioVersion = 17.0.31912.275
MinimumVisualStudioVersion = 10.0.40219.1
Project("{FAE04EC0-301F-11D3-BF4B-00C04F79EFBC}") = "MyFirstWindowsFormsApp_Gracia1", "MyFirstWindowsFormsApp_Gracia1\MyFirstWindowsFormsApp_Gracia1.csproj", "{D9D93662-0427-40E6-BBB7-30D612DD8F5A}"
EndProject
Global
	GlobalSection(SolutionConfigurationPlatforms) = preSolution
		Debug|Any CPU = Debug|Any CPU
		Release|Any CPU = Release|Any CPU
	EndGlobalSection
	GlobalSection(ProjectConfigurationPlatforms) = postSolution
		{D9D93662-0427-40E6-BBB7-30D612DD8F5A}.Debug|Any CPU.ActiveCfg = Debug|Any CPU
		{D9D93662-0427-40E6-BBB7-30D612DD8F5A}.Debug|Any CPU.Build.0 = Debug|Any CPU
		{D9D93662-0427-40E6-BBB7-30D612DD8F5A}.Release|Any CPU.ActiveCfg = Release|Any CPU
		{D9D93662-0427-40E6-BBB7-30D612DD8F5A}.Release|Any CPU.Build.0 = Release|Any CPU
	EndGlobalSection
	GlobalSection(SolutionProperties) = preSolution
		HideSolutionNode = FALSE
	EndGlobalSection
	GlobalSection(ExtensibilityGlobals) = postSolution
		SolutionGuid = {859217A1-B724-4669-B59C-B2A18A126312}
	EndGlobalSection
EndGlobal
